
Microsoft Visual Studio Solution File, Format Version 12.00
# Visual Studio Version 17
VisualStudioVersion = 17.6.33815.320
MinimumVisualStudioVersion = 10.0.40219.1
Project("{FAE04EC0-301F-11D3-BF4B-00C04F79EFBC}") = "API", "API\API.csproj", "{99725A14-1464-44B3-948F-95184EB94470}"
EndProject
Global
	GlobalSection(SolutionConfigurationPlatforms) = preSolution
		Debug|Any CPU = Debug|Any CPU
		Release|Any CPU = Release|Any CPU
	EndGlobalSection
	GlobalSection(ProjectConfigurationPlatforms) = postSolution
		{99725A14-1464-44B3-948F-95184EB94470}.Debug|Any CPU.ActiveCfg = Debug|Any CPU
		{99725A14-1464-44B3-948F-95184EB94470}.Debug|Any CPU.Build.0 = Debug|Any CPU
		{99725A14-1464-44B3-948F-95184EB94470}.Release|Any CPU.ActiveCfg = Release|Any CPU
		{99725A14-1464-44B3-948F-95184EB94470}.Release|Any CPU.Build.0 = Release|Any CPU
	EndGlobalSection
	GlobalSection(SolutionProperties) = preSolution
		HideSolutionNode = FALSE
	EndGlobalSection
	GlobalSection(ExtensibilityGlobals) = postSolution
		SolutionGuid = {DEEF1517-85C9-441E-8E87-B534F44DD65F}
	EndGlobalSection
EndGlobal
